PODS:
  - audio_tags_lofty (0.0.5):
    - Flutter
  - Flutter (1.0.0)
  - screen_corner_radius (0.0.1):
    - Flutter

DEPENDENCIES:
  - audio_tags_lofty (from `.symlinks/plugins/audio_tags_lofty/ios`)
  - Flutter (from `Flutter`)
  - screen_corner_radius (from `.symlinks/plugins/screen_corner_radius/ios`)

EXTERNAL SOURCES:
  audio_tags_lofty:
    :path: ".symlinks/plugins/audio_tags_lofty/ios"
  Flutter:
    :path: Flutter
  screen_corner_radius:
    :path: ".symlinks/plugins/screen_corner_radius/ios"

SPEC CHECKSUMS:
  audio_tags_lofty: f410b9cdf814cb4e7399a4d8528e5842d2ce5363
  Flutter: cabc95a1d2626b1b06e7179b784ebcf0c0cde467
  screen_corner_radius: 64e0abb3920228a5f91c0680fa890222970025bd

PODFILE CHECKSUM: e30f02f9d1c72c47bb6344a0a748c9d268180865

COCOAPODS: 1.16.2
